
Microsoft Visual Studio Solution File, Format Version 12.00
# Visual Studio Version 16
VisualStudioVersion = 16.0.30413.136
MinimumVisualStudioVersion = 10.0.40219.1
Project("{8BC9CEB8-8B4A-11D0-8D11-00A0C91BC942}") = "Laba1", "Laba1.vcxproj", "{A5DB2740-D0BE-46E1-B6AB-F817F7E68F30}"
EndProject
Global
	GlobalSection(SolutionConfigurationPlatforms) = preSolution
		Debug|x64 = Debug|x64
		Debug|x86 = Debug|x86
		Release|x64 = Release|x64
		Release|x86 = Release|x86
	EndGlobalSection
	GlobalSection(ProjectConfigurationPlatforms) = postSolution
		{A5DB2740-D0BE-46E1-B6AB-F817F7E68F30}.Debug|x64.ActiveCfg = Debug|x64
		{A5DB2740-D0BE-46E1-B6AB-F817F7E68F30}.Debug|x64.Build.0 = Debug|x64
		{A5DB2740-D0BE-46E1-B6AB-F817F7E68F30}.Debug|x86.ActiveCfg = Debug|Win32
		{A5DB2740-D0BE-46E1-B6AB-F817F7E68F30}.Debug|x86.Build.0 = Debug|Win32
		{A5DB2740-D0BE-46E1-B6AB-F817F7E68F30}.Release|x64.ActiveCfg = Release|x64
		{A5DB2740-D0BE-46E1-B6AB-F817F7E68F30}.Release|x64.Build.0 = Release|x64
		{A5DB2740-D0BE-46E1-B6AB-F817F7E68F30}.Release|x86.ActiveCfg = Release|Win32
		{A5DB2740-D0BE-46E1-B6AB-F817F7E68F30}.Release|x86.Build.0 = Release|Win32
	EndGlobalSection
	GlobalSection(SolutionProperties) = preSolution
		HideSolutionNode = FALSE
	EndGlobalSection
	GlobalSection(ExtensibilityGlobals) = postSolution
		SolutionGuid = {9D1BB7A9-5A7C-4DF1-8626-DE79D0C3539C}
	EndGlobalSection
EndGlobal
